
Microsoft Visual Studio Solution File, Format Version 12.00
Project("{2150E333-8FDC-42A3-9474-1A3956D46DE8}") = "source", "source", "{288C4809-D50F-4F33-8E51-3AE4E6669D67}"
EndProject
Project("{FAE04EC0-301F-11D3-BF4B-00C04F79EFBC}") = "HalfLifeMetrics.Server", "source\HalfLifeMetrics.Server\HalfLifeMetrics.Server.csproj", "{A6FB9AA5-01F7-442A-ACEE-817720C292F2}"
EndProject
Project("{2150E333-8FDC-42A3-9474-1A3956D46DE8}") = "config", "config", "{C1732953-47B3-43B3-AE16-14AC810F7DFE}"
	ProjectSection(SolutionItems) = preProject
		.github\workflows\docker-publish.yml = .github\workflows\docker-publish.yml
	EndProjectSection
EndProject
Global
	GlobalSection(SolutionConfigurationPlatforms) = preSolution
		Debug|Any CPU = Debug|Any CPU
		Release|Any CPU = Release|Any CPU
	EndGlobalSection
	GlobalSection(NestedProjects) = preSolution
		{A6FB9AA5-01F7-442A-ACEE-817720C292F2} = {288C4809-D50F-4F33-8E51-3AE4E6669D67}
	EndGlobalSection
	GlobalSection(ProjectConfigurationPlatforms) = postSolution
		{A6FB9AA5-01F7-442A-ACEE-817720C292F2}.Debug|Any CPU.ActiveCfg = Debug|Any CPU
		{A6FB9AA5-01F7-442A-ACEE-817720C292F2}.Debug|Any CPU.Build.0 = Debug|Any CPU
		{A6FB9AA5-01F7-442A-ACEE-817720C292F2}.Release|Any CPU.ActiveCfg = Release|Any CPU
		{A6FB9AA5-01F7-442A-ACEE-817720C292F2}.Release|Any CPU.Build.0 = Release|Any CPU
	EndGlobalSection
EndGlobal
